
Microsoft Visual Studio Solution File, Format Version 12.00
# Visual Studio Version 17
VisualStudioVersion = 17.5.002.0
MinimumVisualStudioVersion = 10.0.40219.1
Project("{9A19103F-16F7-4668-BE54-9A1E7A4F7556}") = "Mac_project", "Mac_project.csproj", "{AACFFB09-4D27-4695-99E3-51B86C826C10}"
EndProject
Global
	GlobalSection(SolutionConfigurationPlatforms) = preSolution
		Debug|Any CPU = Debug|Any CPU
		Release|Any CPU = Release|Any CPU
	EndGlobalSection
	GlobalSection(ProjectConfigurationPlatforms) = postSolution
		{AACFFB09-4D27-4695-99E3-51B86C826C10}.Debug|Any CPU.ActiveCfg = Debug|Any CPU
		{AACFFB09-4D27-4695-99E3-51B86C826C10}.Debug|Any CPU.Build.0 = Debug|Any CPU
		{AACFFB09-4D27-4695-99E3-51B86C826C10}.Release|Any CPU.ActiveCfg = Release|Any CPU
		{AACFFB09-4D27-4695-99E3-51B86C826C10}.Release|Any CPU.Build.0 = Release|Any CPU
	EndGlobalSection
	GlobalSection(SolutionProperties) = preSolution
		HideSolutionNode = FALSE
	EndGlobalSection
	GlobalSection(ExtensibilityGlobals) = postSolution
		SolutionGuid = {F1951943-0F7E-4658-B77C-9580668B4D03}
	EndGlobalSection
EndGlobal
